
Microsoft Visual Studio Solution File, Format Version 12.00
# Visual Studio Version 16
VisualStudioVersion = 16.0.29519.87
MinimumVisualStudioVersion = 10.0.40219.1
Project("{FAE04EC0-301F-11D3-BF4B-00C04F79EFBC}") = "Advent of Code", "Advent of Code\Advent of Code.csproj", "{67D32B55-4209-4D62-870A-3F156113F5C3}"
EndProject
Global
	GlobalSection(SolutionConfigurationPlatforms) = preSolution
		Debug|Any CPU = Debug|Any CPU
		Release|Any CPU = Release|Any CPU
	EndGlobalSection
	GlobalSection(ProjectConfigurationPlatforms) = postSolution
		{67D32B55-4209-4D62-870A-3F156113F5C3}.Debug|Any CPU.ActiveCfg = Debug|Any CPU
		{67D32B55-4209-4D62-870A-3F156113F5C3}.Debug|Any CPU.Build.0 = Debug|Any CPU
		{67D32B55-4209-4D62-870A-3F156113F5C3}.Release|Any CPU.ActiveCfg = Release|Any CPU
		{67D32B55-4209-4D62-870A-3F156113F5C3}.Release|Any CPU.Build.0 = Release|Any CPU
	EndGlobalSection
	GlobalSection(SolutionProperties) = preSolution
		HideSolutionNode = FALSE
	EndGlobalSection
	GlobalSection(ExtensibilityGlobals) = postSolution
		SolutionGuid = {BC19AC66-9830-4E2C-84CD-06BFBC4D116E}
	EndGlobalSection
EndGlobal
